<?xml version="1.0" encoding="utf-8"?>
<Project ToolsVersion="4.0" xmlns="http://schemas.microsoft.com/developer/msbuild/2003">
  <ItemGroup>
    <Filter Include="Source Files">
      <UniqueIdentifier>{4FC737F1-C7A5-4376-A066-2A32D752A2FF}</UniqueIdentifier>
      <Extensions>cpp;c;cc;cxx;c++;cppm;ixx;def;odl;idl;hpj;bat;asm;asmx</Extensions>
    </Filter>
    <Filter Include="Header Files">
      <UniqueIdentifier>{93995380-89BD-4b04-88EB-625FBE52EBFB}</UniqueIdentifier>
      <Extensions>h;hh;hpp;hxx;h++;hm;inl;inc;ipp;xsd</Extensions>
    </Filter>
    <Filter Include="Resource Files">
      <UniqueIdentifier>{67DA6AB6-F800-4c08-8B7A-83BB121AAD01}</UniqueIdentifier>
      <Extensions>rc;ico;cur;bmp;dlg;rc2;rct;bin;rgs;gif;jpg;jpeg;jpe;resx;tiff;tif;png;wav;mfcribbon-ms</Extensions>
    </Filter>
    <Filter Include="Header Files\YB_DataModels">
      <UniqueIdentifier>{b511e665-da55-4ed4-b974-e400c2f8a51d}</UniqueIdentifier>
    </Filter>
    <Filter Include="Source Files\YB_DataModels">
      <UniqueIdentifier>{0809ba48-62a0-4e56-a07c-3a2550055408}</UniqueIdentifier>
    </Filter>
    <Filter Include="Source Files\YB_Managers">
      <UniqueIdentifier>{f67e3cca-8cac-4195-aaf0-a659f2f1a261}</UniqueIdentifier>
    </Filter>
    <Filter Include="Header Files\YB_Managers">
      <UniqueIdentifier>{3c1160c2-fe7d-4528-97c3-5a34983d1e24}</UniqueIdentifier>
    </Filter>
    <Filter Include="Header Files\YB_Persistors">
      <UniqueIdentifier>{fcf77531-f75c-41be-a381-870220627e7b}</UniqueIdentifier>
    </Filter>
    <Filter Include="Source Files\YB_Persistors">
      <UniqueIdentifier>{e9209735-53d2-4e76-878f-cadb210d042b}</UniqueIdentifier>
    </Filter>
    <Filter Include="Source Files\YB_Errors">
      <UniqueIdentifier>{bc308215-840b-427c-801a-ec2757947bc6}</UniqueIdentifier>
    </Filter>
    <Filter Include="Header Files\YB_Errors">
      <UniqueIdentifier>{8e3de0bc-2f88-459f-a385-ef3b8abeeb6e}</UniqueIdentifier>
    </Filter>
  </ItemGroup>
  <ItemGroup>
    <ClCompile Include="main.cpp">
      <Filter>Source Files</Filter>
    </ClCompile>
    <ClCompile Include="YB_UserManager.cpp">
      <Filter>Source Files\YB_Managers</Filter>
    </ClCompile>
    <ClCompile Include="YB_CarManager.cpp">
      <Filter>Source Files\YB_Managers</Filter>
    </ClCompile>
    <ClCompile Include="YB_RentManager.cpp">
      <Filter>Source Files\YB_Managers</Filter>
    </ClCompile>
    <ClCompile Include="YB_PersistorBasis.cpp">
      <Filter>Source Files\YB_Persistors</Filter>
    </ClCompile>
    <ClCompile Include="YB_UserPersistor.cpp">
      <Filter>Source Files\YB_Persistors</Filter>
    </ClCompile>
    <ClCompile Include="YB_CarPersistor.cpp">
      <Filter>Source Files\YB_Persistors</Filter>
    </ClCompile>
    <ClCompile Include="YB_RentPersistor.cpp">
      <Filter>Source Files\YB_Persistors</Filter>
    </ClCompile>
    <ClCompile Include="YB_Repository.cpp">
      <Filter>Source Files\YB_Persistors</Filter>
    </ClCompile>
    <ClCompile Include="YB_DataBasis.cpp">
      <Filter>Source Files\YB_DataModels</Filter>
    </ClCompile>
    <ClCompile Include="YB_Car.cpp">
      <Filter>Source Files\YB_DataModels</Filter>
    </ClCompile>
    <ClCompile Include="YB_Rent.cpp">
      <Filter>Source Files\YB_DataModels</Filter>
    </ClCompile>
    <ClCompile Include="YB_User.cpp">
      <Filter>Source Files\YB_DataModels</Filter>
    </ClCompile>
    <ClCompile Include="YB_Errors.cpp">
      <Filter>Source Files\YB_Errors</Filter>
    </ClCompile>
    <ClCompile Include="YB_ManagerBasis.cpp">
      <Filter>Source Files\YB_Managers</Filter>
    </ClCompile>
  </ItemGroup>
  <ItemGroup>
    <ClInclude Include="YB_PersistorBasis.h">
      <Filter>Header Files\YB_Persistors</Filter>
    </ClInclude>
    <ClInclude Include="YB_UserManager.h">
      <Filter>Header Files\YB_Managers</Filter>
    </ClInclude>
    <ClInclude Include="YB_UserPersistor.h">
      <Filter>Header Files\YB_Persistors</Filter>
    </ClInclude>
    <ClInclude Include="YB_CarPersistor.h">
      <Filter>Header Files\YB_Persistors</Filter>
    </ClInclude>
    <ClInclude Include="YB_RentPersistor.h">
      <Filter>Header Files\YB_Persistors</Filter>
    </ClInclude>
    <ClInclude Include="YB_Repository.h">
      <Filter>Header Files\YB_Persistors</Filter>
    </ClInclude>
    <ClInclude Include="YB_CarManager.h">
      <Filter>Header Files\YB_Managers</Filter>
    </ClInclude>
    <ClInclude Include="YB_RentManager.h">
      <Filter>Header Files\YB_Managers</Filter>
    </ClInclude>
    <ClInclude Include="YB_DataBasis.h">
      <Filter>Header Files\YB_DataModels</Filter>
    </ClInclude>
    <ClInclude Include="YB_Car.h">
      <Filter>Header Files\YB_DataModels</Filter>
    </ClInclude>
    <ClInclude Include="YB_Rent.h">
      <Filter>Header Files\YB_DataModels</Filter>
    </ClInclude>
    <ClInclude Include="YB_User.h">
      <Filter>Header Files\YB_DataModels</Filter>
    </ClInclude>
    <ClInclude Include="YB_Errors.h">
      <Filter>Header Files\YB_Errors</Filter>
    </ClInclude>
    <ClInclude Include="resource.h">
      <Filter>Header Files</Filter>
    </ClInclude>
    <ClInclude Include="YB_ManagerBasis.h">
      <Filter>Header Files\YB_Managers</Filter>
    </ClInclude>
  </ItemGroup>
  <ItemGroup>
    <Text Include="UserRepo.txt">
      <Filter>Source Files</Filter>
    </Text>
  </ItemGroup>
</Project>