
Microsoft Visual Studio Solution File, Format Version 12.00
# Visual Studio Version 17
VisualStudioVersion = 17.6.33829.357
MinimumVisualStudioVersion = 10.0.40219.1
Project("{8BC9CEB8-8B4A-11D0-8D11-00A0C91BC942}") = "YBCarRental", "YBCarRental\YBCarRental.vcxproj", "{3B7BD2C2-DC53-4B40-91D7-FB5D57F584A4}"
EndProject
Project("{8BC9CEB8-8B4A-11D0-8D11-00A0C91BC942}") = "YBCar_Testing", "YBCar_Native_Testing\YBCar_Native_Testing.vcxproj", "{3FE3A044-B629-446B-8B33-31B780329AFD}"
EndProject
Project("{8BC9CEB8-8B4A-11D0-8D11-00A0C91BC942}") = "YBConsoleViews", "YBViews\YBViews.vcxproj", "{D8451B94-5959-4B97-B828-611B475FE69D}"
EndProject
Project("{8BC9CEB8-8B4A-11D0-8D11-00A0C91BC942}") = "YBPersistence", "YBPersistence\YBPersistence.vcxproj", "{CF34AFE6-B793-4469-B562-169A924F9A5B}"
EndProject
Global
	GlobalSection(SolutionConfigurationPlatforms) = preSolution
		Debug|x64 = Debug|x64
		Release|x64 = Release|x64
	EndGlobalSection
	GlobalSection(ProjectConfigurationPlatforms) = postSolution
		{3B7BD2C2-DC53-4B40-91D7-FB5D57F584A4}.Debug|x64.ActiveCfg = Debug|x64
		{3B7BD2C2-DC53-4B40-91D7-FB5D57F584A4}.Debug|x64.Build.0 = Debug|x64
		{3B7BD2C2-DC53-4B40-91D7-FB5D57F584A4}.Release|x64.ActiveCfg = Release|x64
		{3B7BD2C2-DC53-4B40-91D7-FB5D57F584A4}.Release|x64.Build.0 = Release|x64
		{3FE3A044-B629-446B-8B33-31B780329AFD}.Debug|x64.ActiveCfg = Debug|x64
		{3FE3A044-B629-446B-8B33-31B780329AFD}.Debug|x64.Build.0 = Debug|x64
		{3FE3A044-B629-446B-8B33-31B780329AFD}.Release|x64.ActiveCfg = Release|x64
		{3FE3A044-B629-446B-8B33-31B780329AFD}.Release|x64.Build.0 = Release|x64
		{D8451B94-5959-4B97-B828-611B475FE69D}.Debug|x64.ActiveCfg = Debug|x64
		{D8451B94-5959-4B97-B828-611B475FE69D}.Debug|x64.Build.0 = Debug|x64
		{D8451B94-5959-4B97-B828-611B475FE69D}.Release|x64.ActiveCfg = Release|x64
		{D8451B94-5959-4B97-B828-611B475FE69D}.Release|x64.Build.0 = Release|x64
		{CF34AFE6-B793-4469-B562-169A924F9A5B}.Debug|x64.ActiveCfg = Debug|x64
		{CF34AFE6-B793-4469-B562-169A924F9A5B}.Debug|x64.Build.0 = Debug|x64
		{CF34AFE6-B793-4469-B562-169A924F9A5B}.Release|x64.ActiveCfg = Release|x64
		{CF34AFE6-B793-4469-B562-169A924F9A5B}.Release|x64.Build.0 = Release|x64
	EndGlobalSection
	GlobalSection(SolutionProperties) = preSolution
		HideSolutionNode = FALSE
	EndGlobalSection
	GlobalSection(ExtensibilityGlobals) = postSolution
		SolutionGuid = {D798AAF1-1D68-4CC4-A28A-197E7AB66CE9}
	EndGlobalSection
EndGlobal
